Microsoft Visual Studio Solution File, Format Version 12.00
# Visual Studio Version 17
VisualStudioVersion = 17.5.2.0
MinimumVisualStudioVersion = 10.0.40219.1
Project("{FAE04EC0-301F-11D3-BF4B-00C04F79EFBC}") = "MEAIFunctions", "MEAIFunctions.csproj", "{77DF9FC1-DA99-AC1A-3353-E97A8F932A46}"
EndProject
Global
	GlobalSection(SolutionConfigurationPlatforms) = preSolution
		Debug|Any CPU = Debug|Any CPU
		Release|Any CPU = Release|Any CPU
	EndGlobalSection
	GlobalSection(ProjectConfigurationPlatforms) = postSolution
		{77DF9FC1-DA99-AC1A-3353-E97A8F932A46}.Debug|Any CPU.ActiveCfg = Debug|Any CPU
		{77DF9FC1-DA99-AC1A-3353-E97A8F932A46}.Debug|Any CPU.Build.0 = Debug|Any CPU
		{77DF9FC1-DA99-AC1A-3353-E97A8F932A46}.Release|Any CPU.ActiveCfg = Release|Any CPU
		{77DF9FC1-DA99-AC1A-3353-E97A8F932A46}.Release|Any CPU.Build.0 = Release|Any CPU
	EndGlobalSection
	GlobalSection(SolutionProperties) = preSolution
		HideSolutionNode = FALSE
	EndGlobalSection
	GlobalSection(ExtensibilityGlobals) = postSolution
		SolutionGuid = {A2609133-0B68-4A50-BA7E-E2E0B8403F5E}
	EndGlobalSection
EndGlobal
